
Microsoft Visual Studio Solution File, Format Version 12.00
# Visual Studio Version 17
VisualStudioVersion = 17.9.34902.65
MinimumVisualStudioVersion = 10.0.40219.1
Project("{FAE04EC0-301F-11D3-BF4B-00C04F79EFBC}") = "BlogVerse", "BlogVerse\BlogVerse.csproj", "{23A6388B-7C1F-4534-9058-86EDF5398F72}"
EndProject
Global
	GlobalSection(SolutionConfigurationPlatforms) = preSolution
		Debug|Any CPU = Debug|Any CPU
		Release|Any CPU = Release|Any CPU
	EndGlobalSection
	GlobalSection(ProjectConfigurationPlatforms) = postSolution
		{23A6388B-7C1F-4534-9058-86EDF5398F72}.Debug|Any CPU.ActiveCfg = Debug|Any CPU
		{23A6388B-7C1F-4534-9058-86EDF5398F72}.Debug|Any CPU.Build.0 = Debug|Any CPU
		{23A6388B-7C1F-4534-9058-86EDF5398F72}.Release|Any CPU.ActiveCfg = Release|Any CPU
		{23A6388B-7C1F-4534-9058-86EDF5398F72}.Release|Any CPU.Build.0 = Release|Any CPU
	EndGlobalSection
	GlobalSection(SolutionProperties) = preSolution
		HideSolutionNode = FALSE
	EndGlobalSection
	GlobalSection(ExtensibilityGlobals) = postSolution
		SolutionGuid = {6D233225-5794-4595-A7A9-87CD79F5C562}
	EndGlobalSection
EndGlobal
